
Microsoft Visual Studio Solution File, Format Version 12.00
# Visual Studio Version 17
VisualStudioVersion = 17.3.32922.545
MinimumVisualStudioVersion = 10.0.40219.1
Project("{FAE04EC0-301F-11D3-BF4B-00C04F79EFBC}") = "StackUsingLinkedList_CSharp", "StackUsingLinkedList_CSharp\StackUsingLinkedList_CSharp.csproj", "{9C660286-71D2-40DF-A490-9AFE7F9C90F1}"
EndProject
Global
	GlobalSection(SolutionConfigurationPlatforms) = preSolution
		Debug|Any CPU = Debug|Any CPU
		Release|Any CPU = Release|Any CPU
	EndGlobalSection
	GlobalSection(ProjectConfigurationPlatforms) = postSolution
		{9C660286-71D2-40DF-A490-9AFE7F9C90F1}.Debug|Any CPU.ActiveCfg = Debug|Any CPU
		{9C660286-71D2-40DF-A490-9AFE7F9C90F1}.Debug|Any CPU.Build.0 = Debug|Any CPU
		{9C660286-71D2-40DF-A490-9AFE7F9C90F1}.Release|Any CPU.ActiveCfg = Release|Any CPU
		{9C660286-71D2-40DF-A490-9AFE7F9C90F1}.Release|Any CPU.Build.0 = Release|Any CPU
	EndGlobalSection
	GlobalSection(SolutionProperties) = preSolution
		HideSolutionNode = FALSE
	EndGlobalSection
	GlobalSection(ExtensibilityGlobals) = postSolution
		SolutionGuid = {B0E592AF-9B1D-4359-83E4-ECCA8EE08BA7}
	EndGlobalSection
EndGlobal
